
Microsoft Visual Studio Solution File, Format Version 12.00
# Visual Studio Version 17
VisualStudioVersion = 17.11.35222.181
MinimumVisualStudioVersion = 10.0.40219.1
Project("{9A19103F-16F7-4668-BE54-9A1E7A4F7556}") = "MauiUsbDemo", "MauiUsbDemo\MauiUsbDemo.csproj", "{1AA9668D-53C9-40B1-BDCD-A3FF7FD08449}"
EndProject
Project("{FAE04EC0-301F-11D3-BF4B-00C04F79EFBC}") = "KOGA.FOT.MAUI", "FOT.MAUI\KOGA.FOT.MAUI.csproj", "{06BCB8E4-3B10-42D7-9A01-E0B136F627A9}"
EndProject
Global
	GlobalSection(SolutionConfigurationPlatforms) = preSolution
		Debug|Any CPU = Debug|Any CPU
		Release|Any CPU = Release|Any CPU
	EndGlobalSection
	GlobalSection(ProjectConfigurationPlatforms) = postSolution
		{1AA9668D-53C9-40B1-BDCD-A3FF7FD08449}.Debug|Any CPU.ActiveCfg = Debug|Any CPU
		{1AA9668D-53C9-40B1-BDCD-A3FF7FD08449}.Debug|Any CPU.Build.0 = Debug|Any CPU
		{1AA9668D-53C9-40B1-BDCD-A3FF7FD08449}.Debug|Any CPU.Deploy.0 = Debug|Any CPU
		{1AA9668D-53C9-40B1-BDCD-A3FF7FD08449}.Release|Any CPU.ActiveCfg = Release|Any CPU
		{1AA9668D-53C9-40B1-BDCD-A3FF7FD08449}.Release|Any CPU.Build.0 = Release|Any CPU
		{1AA9668D-53C9-40B1-BDCD-A3FF7FD08449}.Release|Any CPU.Deploy.0 = Release|Any CPU
		{06BCB8E4-3B10-42D7-9A01-E0B136F627A9}.Debug|Any CPU.ActiveCfg = Debug|Any CPU
		{06BCB8E4-3B10-42D7-9A01-E0B136F627A9}.Debug|Any CPU.Build.0 = Debug|Any CPU
		{06BCB8E4-3B10-42D7-9A01-E0B136F627A9}.Release|Any CPU.ActiveCfg = Release|Any CPU
		{06BCB8E4-3B10-42D7-9A01-E0B136F627A9}.Release|Any CPU.Build.0 = Release|Any CPU
	EndGlobalSection
	GlobalSection(SolutionProperties) = preSolution
		HideSolutionNode = FALSE
	EndGlobalSection
	GlobalSection(ExtensibilityGlobals) = postSolution
		SolutionGuid = {4556A544-9F50-497F-A392-0ECC53D74148}
	EndGlobalSection
EndGlobal
