
Microsoft Visual Studio Solution File, Format Version 12.00
# Visual Studio Version 17
VisualStudioVersion = 17.10.34928.147
MinimumVisualStudioVersion = 10.0.40219.1
Project("{FAE04EC0-301F-11D3-BF4B-00C04F79EFBC}") = "EventHookDemo", "EventHookDemo\EventHookDemo.csproj", "{F9AE0DD1-6E62-4719-A42F-121D48813EF8}"
EndProject
Global
	GlobalSection(SolutionConfigurationPlatforms) = preSolution
		Debug|Any CPU = Debug|Any CPU
		Release|Any CPU = Release|Any CPU
	EndGlobalSection
	GlobalSection(ProjectConfigurationPlatforms) = postSolution
		{F9AE0DD1-6E62-4719-A42F-121D48813EF8}.Debug|Any CPU.ActiveCfg = Debug|Any CPU
		{F9AE0DD1-6E62-4719-A42F-121D48813EF8}.Debug|Any CPU.Build.0 = Debug|Any CPU
		{F9AE0DD1-6E62-4719-A42F-121D48813EF8}.Release|Any CPU.ActiveCfg = Release|Any CPU
		{F9AE0DD1-6E62-4719-A42F-121D48813EF8}.Release|Any CPU.Build.0 = Release|Any CPU
	EndGlobalSection
	GlobalSection(SolutionProperties) = preSolution
		HideSolutionNode = FALSE
	EndGlobalSection
	GlobalSection(ExtensibilityGlobals) = postSolution
		SolutionGuid = {042B8F26-170C-490D-BC00-8FD13C3713D8}
	EndGlobalSection
EndGlobal
