
Microsoft Visual Studio Solution File, Format Version 12.00
# Visual Studio 15
VisualStudioVersion = 15.0.28307.757
MinimumVisualStudioVersion = 10.0.40219.1
Project("{FAE04EC0-301F-11D3-BF4B-00C04F79EFBC}") = "WpfPointHook", "WpfPointHook.csproj", "{23BE2DA8-A972-4755-B78F-FB96E13CCE94}"
EndProject
Global
	GlobalSection(SolutionConfigurationPlatforms) = preSolution
		Debug|Any CPU = Debug|Any CPU
		Release|Any CPU = Release|Any CPU
	EndGlobalSection
	GlobalSection(ProjectConfigurationPlatforms) = postSolution
		{23BE2DA8-A972-4755-B78F-FB96E13CCE94}.Debug|Any CPU.ActiveCfg = Debug|Any CPU
		{23BE2DA8-A972-4755-B78F-FB96E13CCE94}.Debug|Any CPU.Build.0 = Debug|Any CPU
		{23BE2DA8-A972-4755-B78F-FB96E13CCE94}.Release|Any CPU.ActiveCfg = Release|Any CPU
		{23BE2DA8-A972-4755-B78F-FB96E13CCE94}.Release|Any CPU.Build.0 = Release|Any CPU
	EndGlobalSection
	GlobalSection(SolutionProperties) = preSolution
		HideSolutionNode = FALSE
	EndGlobalSection
	GlobalSection(ExtensibilityGlobals) = postSolution
		SolutionGuid = {94458D14-10FF-4E88-8A07-3BAA7126445C}
	EndGlobalSection
EndGlobal
